# This file is automatically @generated by Poetry 2.1.3 and should not be changed by hand.

[[package]]
name = "comtypes"
version = "1.4.11"
description = "Pure Python COM package"
optional = false
python-versions = ">=3.8"
groups = ["main"]
markers = "sys_platform == \"win32\""
files = [
    {file = "comtypes-1.4.11-py3-none-any.whl", hash = "sha256:1760d5059ca7ca1d61b574c998378d879c271a86c41f88926619ea97497592bb"},
    {file = "comtypes-1.4.11.zip", hash = "sha256:0a4259370ec48b685fe4483b0944ba1df0aa45163922073fe9b7df1d187db09e"},
]

[[package]]
name = "poetry-core"
version = "2.1.3"
description = "Poetry PEP 517 Build Backend"
optional = false
python-versions = "<4.0,>=3.9"
groups = ["main"]
files = [
    {file = "poetry_core-2.1.3-py3-none-any.whl", hash = "sha256:2c704f05016698a54ca1d327f46ce2426d72eaca6ff614132c8477c292266771"},
    {file = "poetry_core-2.1.3.tar.gz", hash = "sha256:0522a015477ed622c89aad56a477a57813cace0c8e7ff2a2906b7ef4a2e296a4"},
]

[[package]]
name = "poetry-pyinstaller-plugin"
version = "1.4.0"
description = "Poetry plugin to build and/or bundle executable binaries with PyInstaller"
optional = false
python-versions = "<3.14,>=3.9"
groups = ["main"]
files = [
    {file = "poetry_pyinstaller_plugin-1.4.0-py3-none-any.whl", hash = "sha256:073cb78b5626328736a3c8b167cc093f8b9e37bb824394f124e289bc6b5ed39c"},
    {file = "poetry_pyinstaller_plugin-1.4.0.tar.gz", hash = "sha256:e6fca31b8abc947baa2b241bee2387fcc70df42ab1d06e2ccd651f12288104bd"},
]

[[package]]
name = "python-xlib"
version = "0.33"
description = "Python X Library"
optional = false
python-versions = "*"
groups = ["main"]
markers = "platform_system == \"Linux\""
files = [
    {file = "python-xlib-0.33.tar.gz", hash = "sha256:55af7906a2c75ce6cb280a584776080602444f75815a7aff4d287bb2d7018b32"},
    {file = "python_xlib-0.33-py2.py3-none-any.whl", hash = "sha256:c3534038d42e0df2f1392a1b30a15a4ff5fdc2b86cfa94f072bf11b10a164398"},
]

[package.dependencies]
six = ">=1.10.0"

[[package]]
name = "pywin32"
version = "310"
description = "Python for Window Extensions"
optional = false
python-versions = "*"
groups = ["main"]
markers = "sys_platform == \"win32\""
files = [
    {file = "pywin32-310-cp310-cp310-win32.whl", hash = "sha256:6dd97011efc8bf51d6793a82292419eba2c71cf8e7250cfac03bba284454abc1"},
    {file = "pywin32-310-cp310-cp310-win_amd64.whl", hash = "sha256:c3e78706e4229b915a0821941a84e7ef420bf2b77e08c9dae3c76fd03fd2ae3d"},
    {file = "pywin32-310-cp310-cp310-win_arm64.whl", hash = "sha256:33babed0cf0c92a6f94cc6cc13546ab24ee13e3e800e61ed87609ab91e4c8213"},
    {file = "pywin32-310-cp311-cp311-win32.whl", hash = "sha256:1e765f9564e83011a63321bb9d27ec456a0ed90d3732c4b2e312b855365ed8bd"},
    {file = "pywin32-310-cp311-cp311-win_amd64.whl", hash = "sha256:126298077a9d7c95c53823934f000599f66ec9296b09167810eb24875f32689c"},
    {file = "pywin32-310-cp311-cp311-win_arm64.whl", hash = "sha256:19ec5fc9b1d51c4350be7bb00760ffce46e6c95eaf2f0b2f1150657b1a43c582"},
    {file = "pywin32-310-cp312-cp312-win32.whl", hash = "sha256:8a75a5cc3893e83a108c05d82198880704c44bbaee4d06e442e471d3c9ea4f3d"},
    {file = "pywin32-310-cp312-cp312-win_amd64.whl", hash = "sha256:bf5c397c9a9a19a6f62f3fb821fbf36cac08f03770056711f765ec1503972060"},
    {file = "pywin32-310-cp312-cp312-win_arm64.whl", hash = "sha256:2349cc906eae872d0663d4d6290d13b90621eaf78964bb1578632ff20e152966"},
    {file = "pywin32-310-cp313-cp313-win32.whl", hash = "sha256:5d241a659c496ada3253cd01cfaa779b048e90ce4b2b38cd44168ad555ce74ab"},
    {file = "pywin32-310-cp313-cp313-win_amd64.whl", hash = "sha256:667827eb3a90208ddbdcc9e860c81bde63a135710e21e4cb3348968e4bd5249e"},
    {file = "pywin32-310-cp313-cp313-win_arm64.whl", hash = "sha256:e308f831de771482b7cf692a1f308f8fca701b2d8f9dde6cc440c7da17e47b33"},
    {file = "pywin32-310-cp38-cp38-win32.whl", hash = "sha256:0867beb8addefa2e3979d4084352e4ac6e991ca45373390775f7084cc0209b9c"},
    {file = "pywin32-310-cp38-cp38-win_amd64.whl", hash = "sha256:30f0a9b3138fb5e07eb4973b7077e1883f558e40c578c6925acc7a94c34eaa36"},
    {file = "pywin32-310-cp39-cp39-win32.whl", hash = "sha256:851c8d927af0d879221e616ae1f66145253537bbdd321a77e8ef701b443a9a1a"},
    {file = "pywin32-310-cp39-cp39-win_amd64.whl", hash = "sha256:96867217335559ac619f00ad70e513c0fcf84b8a3af9fc2bba3b59b97da70475"},
]

[[package]]
name = "pywinauto"
version = "0.6.9"
description = "A set of Python modules to automate the Microsoft Windows GUI"
optional = false
python-versions = "*"
groups = ["main"]
files = [
    {file = "pywinauto-0.6.9-py2.py3-none-any.whl", hash = "sha256:5924b3072864a1d730c5546bbeb17cf4063ba518b618dbc5e43c18276c7c9356"},
    {file = "pywinauto-0.6.9.tar.gz", hash = "sha256:94d710bfa796df245250f952ffa65d97233d9807bcd42e052b71b81af469b6de"},
]

[package.dependencies]
comtypes = {version = "*", markers = "python_version > \"3.6\" and sys_platform == \"win32\""}
python-xlib = {version = "*", markers = "platform_system == \"Linux\""}
pywin32 = {version = "*", markers = "python_version > \"3.6\" and sys_platform == \"win32\""}
six = "*"

[[package]]
name = "six"
version = "1.17.0"
description = "Python 2 and 3 compatibility utilities"
optional = false
python-versions = "!=3.0.*,!=3.1.*,!=3.2.*,>=2.7"
groups = ["main"]
files = [
    {file = "six-1.17.0-py2.py3-none-any.whl", hash = "sha256:4721f391ed90541fddacab5acf947aa0d3dc7d27b2e1e8eda2be8970586c3274"},
    {file = "six-1.17.0.tar.gz", hash = "sha256:ff70335d468e7eb6ec65b95b99d3a2836546063f63acc5171de367e834932a81"},
]

[metadata]
lock-version = "2.1"
python-versions = ">=3.13,<3.14"
content-hash = "4d27def2988e6ec668c5c4507150ebe0351262c451cbf48421456894f675129c"
